// !$*UTF8*$!
{
	archiveVersion = 1;
	classes = {
	};
	objectVersion = 46;
	objects = {

/* Begin PBXBuildFile section */
		711822741CE1F2F7008A0D38 /* main.m in Sources */ = {isa = PBXBuildFile; fileRef = 711822731CE1F2F7008A0D38 /* main.m */; };
		711822771CE1F2F7008A0D38 /* AppDelegate.m in Sources */ = {isa = PBXBuildFile; fileRef = 711822761CE1F2F7008A0D38 /* AppDelegate.m */; };
		7118227F1CE1F2F7008A0D38 /* Assets.xcassets in Resources */ = {isa = PBXBuildFile; fileRef = 7118227E1CE1F2F7008A0D38 /* Assets.xcassets */; };
		711822821CE1F2F7008A0D38 /* LaunchScreen.storyboard in Resources */ = {isa = PBXBuildFile; fileRef = 711822801CE1F2F7008A0D38 /* LaunchScreen.storyboard */; };
		7118228C1CE1F4AD008A0D38 /* FirstViewController.m in Sources */ = {isa = PBXBuildFile; fileRef = 7118228A1CE1F4AD008A0D38 /* FirstViewController.m */; };
		7118228D1CE1F4AD008A0D38 /* FirstViewController.xib in Resources */ = {isa = PBXBuildFile; fileRef = 7118228B1CE1F4AD008A0D38 /* FirstViewController.xib */; };
		711822911CE1F4CD008A0D38 /* SecondViewController.m in Sources */ = {isa = PBXBuildFile; fileRef = 7118228F1CE1F4CD008A0D38 /* SecondViewController.m */; };
		711822921CE1F4CD008A0D38 /* SecondViewController.xib in Resources */ = {isa = PBXBuildFile; fileRef = 711822901CE1F4CD008A0D38 /* SecondViewController.xib */; };
/* End PBXBuildFile section */

/* Begin PBXFileReference section */
		7118226F1CE1F2F7008A0D38 /* ResponderDemo.app */ = {isa = PBXFileReference; explicitFileType = wrapper.application; includeInIndex = 0; path = ResponderDemo.app; sourceTree = BUILT_PRODUCTS_DIR; };
		711822731CE1F2F7008A0D38 /* main.m */ = {isa = PBXFileReference; lastKnownFileType = sourcecode.c.objc; path = main.m; sourceTree = "<group>"; };
		711822751CE1F2F7008A0D38 /* AppDelegate.h */ = {isa = PBXFileReference; lastKnownFileType = sourcecode.c.h; path = AppDelegate.h; sourceTree = "<group>"; };
		711822761CE1F2F7008A0D38 /* AppDelegate.m */ = {isa = PBXFileReference; lastKnownFileType = sourcecode.c.objc; path = AppDelegate.m; sourceTree = "<group>"; };
		7118227E1CE1F2F7008A0D38 /* Assets.xcassets */ = {isa = PBXFileReference; lastKnownFileType = folder.assetcatalog; path = Assets.xcassets; sourceTree = "<group>"; };
		711822811CE1F2F7008A0D38 /* Base */ = {isa = PBXFileReference; lastKnownFileType = file.storyboard; name = Base; path = Base.lproj/LaunchScreen.storyboard; sourceTree = "<group>"; };
		711822831CE1F2F7008A0D38 /* Info.plist */ = {isa = PBXFileReference; lastKnownFileType = text.plist.xml; path = Info.plist; sourceTree = "<group>"; };
		711822891CE1F4AD008A0D38 /* FirstViewController.h */ = {isa = PBXFileReference; fileEncoding = 4; lastKnownFileType = sourcecode.c.h; path = FirstViewController.h; sourceTree = "<group>"; };
		7118228A1CE1F4AD008A0D38 /* FirstViewController.m */ = {isa = PBXFileReference; fileEncoding = 4; lastKnownFileType = sourcecode.c.objc; path = FirstViewController.m; sourceTree = "<group>"; };
		7118228B1CE1F4AD008A0D38 /* FirstViewController.xib */ = {isa = PBXFileReference; fileEncoding = 4; lastKnownFileType = file.xib; path = FirstViewController.xib; sourceTree = "<group>"; };
		7118228E1CE1F4CD008A0D38 /* SecondViewController.h */ = {isa = PBXFileReference; fileEncoding = 4; lastKnownFileType = sourcecode.c.h; path = SecondViewController.h; sourceTree = "<group>"; };
		7118228F1CE1F4CD008A0D38 /* SecondViewController.m */ = {isa = PBXFileReference; fileEncoding = 4; lastKnownFileType = sourcecode.c.objc; path = SecondViewController.m; sourceTree = "<group>"; };
		711822901CE1F4CD008A0D38 /* SecondViewController.xib */ = {isa = PBXFileReference; fileEncoding = 4; lastKnownFileType = file.xib; path = SecondViewController.xib; sourceTree = "<group>"; };
/* End PBXFileReference section */

/* Begin PBXFrameworksBuildPhase section */
		7118226C1CE1F2F7008A0D38 /* Frameworks */ = {
			isa = PBXFrameworksBuildPhase;
			buildActionMask = 2147483647;
			files = (
			);
			runOnlyForDeploymentPostprocessing = 0;
		};
/* End PBXFrameworksBuildPhase section */

/* Begin PBXGroup section */
		711822661CE1F2F7008A0D38 = {
			isa = PBXGroup;
			children = (
				711822711CE1F2F7008A0D38 /* ResponderDemo */,
				711822701CE1F2F7008A0D38 /* Products */,
			);
			sourceTree = "<group>";
		};
		711822701CE1F2F7008A0D38 /* Products */ = {
			isa = PBXGroup;
			children = (
				7118226F1CE1F2F7008A0D38 /* ResponderDemo.app */,
			);
			name = Products;
			sourceTree = "<group>";
		};
		711822711CE1F2F7008A0D38 /* ResponderDemo */ = {
			isa = PBXGroup;
			children = (
				711822751CE1F2F7008A0D38 /* AppDelegate.h */,
				711822761CE1F2F7008A0D38 /* AppDelegate.m */,
				711822891CE1F4AD008A0D38 /* FirstViewController.h */,
				7118228A1CE1F4AD008A0D38 /* FirstViewController.m */,
				7118228B1CE1F4AD008A0D38 /* FirstViewController.xib */,
				7118228E1CE1F4CD008A0D38 /* SecondViewController.h */,
				7118228F1CE1F4CD008A0D38 /* SecondViewController.m */,
				711822901CE1F4CD008A0D38 /* SecondViewController.xib */,
				7118227E1CE1F2F7008A0D38 /* Assets.xcassets */,
				711822801CE1F2F7008A0D38 /* LaunchScreen.storyboard */,
				711822831CE1F2F7008A0D38 /* Info.plist */,
				711822721CE1F2F7008A0D38 /* Supporting Files */,
			);
			path = ResponderDemo;
			sourceTree = "<group>";
		};
		711822721CE1F2F7008A0D38 /* Supporting Files */ = {
			isa = PBXGroup;
			children = (
				711822731CE1F2F7008A0D38 /* main.m */,
			);
			name = "Supporting Files";
			sourceTree = "<group>";
		};
/* End PBXGroup section */

/* Begin PBXNativeTarget section */
		7118226E1CE1F2F7008A0D38 /* ResponderDemo */ = {
			isa = PBXNativeTarget;
			buildConfigurationList = 711822861CE1F2F7008A0D38 /* Build configuration list for PBXNativeTarget "ResponderDemo" */;
			buildPhases = (
				7118226B1CE1F2F7008A0D38 /* Sources */,
				7118226C1CE1F2F7008A0D38 /* Frameworks */,
				7118226D1CE1F2F7008A0D38 /* Resources */,
			);
			buildRules = (
			);
			dependencies = (
			);
			name = ResponderDemo;
			productName = ResponderDemo;
			productReference = 7118226F1CE1F2F7008A0D38 /* ResponderDemo.app */;
			productType = "com.apple.product-type.application";
		};
/* End PBXNativeTarget section */

/* Begin PBXProject section */
		711822671CE1F2F7008A0D38 /* Project object */ = {
			isa = PBXProject;
			attributes = {
				LastUpgradeCheck = 0720;
				ORGANIZATIONNAME = chenyufengweb;
				TargetAttributes = {
					7118226E1CE1F2F7008A0D38 = {
						CreatedOnToolsVersion = 7.2;
					};
				};
			};
			buildConfigurationList = 7118226A1CE1F2F7008A0D38 /* Build configuration list for PBXProject "ResponderDemo" */;
			compatibilityVersion = "Xcode 3.2";
			developmentRegion = English;
			hasScannedForEncodings = 0;
			knownRegions = (
				en,
				Base,
			);
			mainGroup = 711822661CE1F2F7008A0D38;
			productRefGroup = 711822701CE1F2F7008A0D38 /* Products */;
			projectDirPath = "";
			projectRoot = "";
			targets = (
				7118226E1CE1F2F7008A0D38 /* ResponderDemo */,
			);
		};
/* End PBXProject section */

/* Begin PBXResourcesBuildPhase section */
		7118226D1CE1F2F7008A0D38 /* Resources */ = {
			isa = PBXResourcesBuildPhase;
			buildActionMask = 2147483647;
			files = (
				711822921CE1F4CD008A0D38 /* SecondViewController.xib in Resources */,
				711822821CE1F2F7008A0D38 /* LaunchScreen.storyboard in Resources */,
				7118228D1CE1F4AD008A0D38 /* FirstViewController.xib in Resources */,
				7118227F1CE1F2F7008A0D38 /* Assets.xcassets in Resources */,
			);
			runOnlyForDeploymentPostprocessing = 0;
		};
/* End PBXResourcesBuildPhase section */

/* Begin PBXSourcesBuildPhase section */
		7118226B1CE1F2F7008A0D38 /* Sources */ = {
			isa = PBXSourcesBuildPhase;
			buildActionMask = 2147483647;
			files = (
				711822911CE1F4CD008A0D38 /* SecondViewController.m in Sources */,
				711822771CE1F2F7008A0D38 /* AppDelegate.m in Sources */,
				711822741CE1F2F7008A0D38 /* main.m in Sources */,
				7118228C1CE1F4AD008A0D38 /* FirstViewController.m in Sources */,
			);
			runOnlyForDeploymentPostprocessing = 0;
		};
/* End PBXSourcesBuildPhase section */

/* Begin PBXVariantGroup section */
		711822801CE1F2F7008A0D38 /* LaunchScreen.storyboard */ = {
			isa = PBXVariantGroup;
			children = (
				711822811CE1F2F7008A0D38 /* Base */,
			);
			name = LaunchScreen.storyboard;
			sourceTree = "<group>";
		};
/* End PBXVariantGroup section */

/* Begin XCBuildConfiguration section */
		711822841CE1F2F7008A0D38 /* Debug */ = {
			isa = XCBuildConfiguration;
			buildSettings = {
				ALWAYS_SEARCH_USER_PATHS = NO;
				CLANG_CXX_LANGUAGE_STANDARD = "gnu++0x";
				CLANG_CXX_LIBRARY = "libc++";
				CLANG_ENABLE_MODULES = YES;
				CLANG_ENABLE_OBJC_ARC = YES;
				CLANG_WARN_BOOL_CONVERSION = YES;
				CLANG_WARN_CONSTANT_CONVERSION = YES;
				CLANG_WARN_DIRECT_OBJC_ISA_USAGE = YES_ERROR;
				CLANG_WARN_EMPTY_BODY = YES;
				CLANG_WARN_ENUM_CONVERSION = YES;
				CLANG_WARN_INT_CONVERSION = YES;
				CLANG_WARN_OBJC_ROOT_CLASS = YES_ERROR;
				CLANG_WARN_UNREACHABLE_CODE = YES;
				CLANG_WARN__DUPLICATE_METHOD_MATCH = YES;
				"CODE_SIGN_IDENTITY[sdk=iphoneos*]" = "iPhone Developer";
				COPY_PHASE_STRIP = NO;
				DEBUG_INFORMATION_FORMAT = dwarf;
				ENABLE_STRICT_OBJC_MSGSEND = YES;
				ENABLE_TESTABILITY = YES;
				GCC_C_LANGUAGE_STANDARD = gnu99;
				GCC_DYNAMIC_NO_PIC = NO;
				GCC_NO_COMMON_BLOCKS = YES;
				GCC_OPTIMIZATION_LEVEL = 0;
				GCC_PREPROCESSOR_DEFINITIONS = (
					"DEBUG=1",
					"$(inherited)",
				);
				GCC_WARN_64_TO_32_BIT_CONVERSION = YES;
				GCC_WARN_ABOUT_RETURN_TYPE = YES_ERROR;
				GCC_WARN_UNDECLARED_SELECTOR = YES;
				GCC_WARN_UNINITIALIZED_AUTOS = YES_AGGRESSIVE;
				GCC_WARN_UNUSED_FUNCTION = YES;
				GCC_WARN_UNUSED_VARIABLE = YES;
				IPHONEOS_DEPLOYMENT_TARGET = 9.2;
				MTL_ENABLE_DEBUG_INFO = YES;
				ONLY_ACTIVE_ARCH = YES;
				SDKROOT = iphoneos;
				TARGETED_DEVICE_FAMILY = "1,2";
			};
			name = Debug;
		};
		711822851CE1F2F7008A0D38 /* Release */ = {
			isa = XCBuildConfiguration;
			buildSettings = {
				ALWAYS_SEARCH_USER_PATHS = NO;
				CLANG_CXX_LANGUAGE_STANDARD = "gnu++0x";
				CLANG_CXX_LIBRARY = "libc++";
				CLANG_ENABLE_MODULES = YES;
				CLANG_ENABLE_OBJC_ARC = YES;
				CLANG_WARN_BOOL_CONVERSION = YES;
				CLANG_WARN_CONSTANT_CONVERSION = YES;
				CLANG_WARN_DIRECT_OBJC_ISA_USAGE = YES_ERROR;
				CLANG_WARN_EMPTY_BODY = YES;
				CLANG_WARN_ENUM_CONVERSION = YES;
				CLANG_WARN_INT_CONVERSION = YES;
				CLANG_WARN_OBJC_ROOT_CLASS = YES_ERROR;
				CLANG_WARN_UNREACHABLE_CODE = YES;
				CLANG_WARN__DUPLICATE_METHOD_MATCH = YES;
				"CODE_SIGN_IDENTITY[sdk=iphoneos*]" = "iPhone Developer";
				COPY_PHASE_STRIP = NO;
				DEBUG_INFORMATION_FORMAT = "dwarf-with-dsym";
				ENABLE_NS_ASSERTIONS = NO;
				ENABLE_STRICT_OBJC_MSGSEND = YES;
				GCC_C_LANGUAGE_STANDARD = gnu99;
				GCC_NO_COMMON_BLOCKS = YES;
				GCC_WARN_64_TO_32_BIT_CONVERSION = YES;
				GCC_WARN_ABOUT_RETURN_TYPE = YES_ERROR;
				GCC_WARN_UNDECLARED_SELECTOR = YES;
				GCC_WARN_UNINITIALIZED_AUTOS = YES_AGGRESSIVE;
				GCC_WARN_UNUSED_FUNCTION = YES;
				GCC_WARN_UNUSED_VARIABLE = YES;
				IPHONEOS_DEPLOYMENT_TARGET = 9.2;
				MTL_ENABLE_DEBUG_INFO = NO;
				SDKROOT = iphoneos;
				TARGETED_DEVICE_FAMILY = "1,2";
				VALIDATE_PRODUCT = YES;
			};
			name = Release;
		};
		711822871CE1F2F7008A0D38 /* Debug */ = {
			isa = XCBuildConfiguration;
			buildSettings = {
				ASSETCATALOG_COMPILER_APPICON_NAME = AppIcon;
				INFOPLIST_FILE = ResponderDemo/Info.plist;
				LD_RUNPATH_SEARCH_PATHS = "$(inherited) @executable_path/Frameworks";
				PRODUCT_BUNDLE_IDENTIFIER = com.chenyufengweb.ResponderDemo;
				PRODUCT_NAME = "$(TARGET_NAME)";
			};
			name = Debug;
		};
		711822881CE1F2F7008A0D38 /* Release */ = {
			isa = XCBuildConfiguration;
			buildSettings = {
				ASSETCATALOG_COMPILER_APPICON_NAME = AppIcon;
				INFOPLIST_FILE = ResponderDemo/Info.plist;
				LD_RUNPATH_SEARCH_PATHS = "$(inherited) @executable_path/Frameworks";
				PRODUCT_BUNDLE_IDENTIFIER = com.chenyufengweb.ResponderDemo;
				PRODUCT_NAME = "$(TARGET_NAME)";
			};
			name = Release;
		};
/* End XCBuildConfiguration section */

/* Begin XCConfigurationList section */
		7118226A1CE1F2F7008A0D38 /* Build configuration list for PBXProject "ResponderDemo" */ = {
			isa = XCConfigurationList;
			buildConfigurations = (
				711822841CE1F2F7008A0D38 /* Debug */,
				711822851CE1F2F7008A0D38 /* Release */,
			);
			defaultConfigurationIsVisible = 0;
			defaultConfigurationName = Release;
		};
		711822861CE1F2F7008A0D38 /* Build configuration list for PBXNativeTarget "ResponderDemo" */ = {
			isa = XCConfigurationList;
			buildConfigurations = (
				711822871CE1F2F7008A0D38 /* Debug */,
				711822881CE1F2F7008A0D38 /* Release */,
			);
			defaultConfigurationIsVisible = 0;
		};
/* End XCConfigurationList section */
	};
	rootObject = 711822671CE1F2F7008A0D38 /* Project object */;
}
